<?xml version="1.0" encoding="UTF-8" standalone="yes" ?>
<CodeBlocks_project_file>
	<FileVersion major="1" minor="6" />
	<Project>
		<Option title="Payment_Application.c" />
		<Option pch_mode="2" />
		<Option compiler="gcc" />
		<Build>
			<Target title="Debug">
				<Option output="bin/Debug/Payment_Application" prefix_auto="1" extension_auto="1" />
				<Option object_output="obj/Debug/" />
				<Option type="1" />
				<Option compiler="gcc" />
				<Compiler>
					<Add option="-g" />
				</Compiler>
			</Target>
			<Target title="Release">
				<Option output="bin/Release/Payment_Application" prefix_auto="1" extension_auto="1" />
				<Option object_output="obj/Release/" />
				<Option type="1" />
				<Option compiler="gcc" />
				<Compiler>
					<Add option="-O2" />
				</Compiler>
				<Linker>
					<Add option="-s" />
				</Linker>
			</Target>
		</Build>
		<Compiler>
			<Add option="-Wall" />
		</Compiler>
		<Unit filename="Application.c">
			<Option compilerVar="CC" />
		</Unit>
		<Unit filename="Application.h" />
		<Unit filename="Card_M.c">
			<Option compilerVar="CC" />
		</Unit>
		<Unit filename="Card_M.h" />
		<Unit filename="Server_M.c">
			<Option compilerVar="CC" />
		</Unit>
		<Unit filename="Server_M.h" />
		<Unit filename="Terminal_M.c">
			<Option compilerVar="CC" />
		</Unit>
		<Unit filename="Terminal_M.h" />
		<Unit filename="dataBase.c">
			<Option compilerVar="CC" />
		</Unit>
		<Unit filename="dataBase.h" />
		<Unit filename="main.c">
			<Option compilerVar="CC" />
		</Unit>
		<Extensions>
			<lib_finder disable_auto="1" />
		</Extensions>
	</Project>
</CodeBlocks_project_file>
